// !$*UTF8*$!
{
	archiveVersion = 1;
	classes = {
	};
	objectVersion = 46;
	objects = {

/* Begin PBXBuildFile section */
		419079671F0BE06500C0750A /* AppDelegate.swift in Sources */ = {isa = PBXBuildFile; fileRef = 419079661F0BE06500C0750A /* AppDelegate.swift */; };
		419079691F0BE06500C0750A /* ViewController.swift in Sources */ = {isa = PBXBuildFile; fileRef = 419079681F0BE06500C0750A /* ViewController.swift */; };
		4190796C1F0BE06500C0750A /* Main.storyboard in Resources */ = {isa = PBXBuildFile; fileRef = 4190796A1F0BE06500C0750A /* Main.storyboard */; };
		4190796F1F0BE06500C0750A /* BookCollector.xcdatamodeld in Sources */ = {isa = PBXBuildFile; fileRef = 4190796D1F0BE06500C0750A /* BookCollector.xcdatamodeld */; };
		419079711F0BE06500C0750A /* Assets.xcassets in Resources */ = {isa = PBXBuildFile; fileRef = 419079701F0BE06500C0750A /* Assets.xcassets */; };
		419079741F0BE06500C0750A /* LaunchScreen.storyboard in Resources */ = {isa = PBXBuildFile; fileRef = 419079721F0BE06500C0750A /* LaunchScreen.storyboard */; };
/* End PBXBuildFile section */

/* Begin PBXFileReference section */
		419079631F0BE06500C0750A /* BookCollector.app */ = {isa = PBXFileReference; explicitFileType = wrapper.application; includeInIndex = 0; path = BookCollector.app; sourceTree = BUILT_PRODUCTS_DIR; };
		419079661F0BE06500C0750A /* AppDelegate.swift */ = {isa = PBXFileReference; lastKnownFileType = sourcecode.swift; path = AppDelegate.swift; sourceTree = "<group>"; };
		419079681F0BE06500C0750A /* ViewController.swift */ = {isa = PBXFileReference; lastKnownFileType = sourcecode.swift; path = ViewController.swift; sourceTree = "<group>"; };
		4190796B1F0BE06500C0750A /* Base */ = {isa = PBXFileReference; lastKnownFileType = file.storyboard; name = Base; path = Base.lproj/Main.storyboard; sourceTree = "<group>"; };
		4190796E1F0BE06500C0750A /* BookCollector.xcdatamodel */ = {isa = PBXFileReference; lastKnownFileType = wrapper.xcdatamodel; path = BookCollector.xcdatamodel; sourceTree = "<group>"; };
		419079701F0BE06500C0750A /* Assets.xcassets */ = {isa = PBXFileReference; lastKnownFileType = folder.assetcatalog; path = Assets.xcassets; sourceTree = "<group>"; };
		419079731F0BE06500C0750A /* Base */ = {isa = PBXFileReference; lastKnownFileType = file.storyboard; name = Base; path = Base.lproj/LaunchScreen.storyboard; sourceTree = "<group>"; };
		419079751F0BE06500C0750A /* Info.plist */ = {isa = PBXFileReference; lastKnownFileType = text.plist.xml; path = Info.plist; sourceTree = "<group>"; };
/* End PBXFileReference section */

/* Begin PBXFrameworksBuildPhase section */
		419079601F0BE06500C0750A /* Frameworks */ = {
			isa = PBXFrameworksBuildPhase;
			buildActionMask = 2147483647;
			files = (
			);
			runOnlyForDeploymentPostprocessing = 0;
		};
/* End PBXFrameworksBuildPhase section */

/* Begin PBXGroup section */
		4190795A1F0BE06500C0750A = {
			isa = PBXGroup;
			children = (
				419079651F0BE06500C0750A /* BookCollector */,
				419079641F0BE06500C0750A /* Products */,
			);
			sourceTree = "<group>";
		};
		419079641F0BE06500C0750A /* Products */ = {
			isa = PBXGroup;
			children = (
				419079631F0BE06500C0750A /* BookCollector.app */,
			);
			name = Products;
			sourceTree = "<group>";
		};
		419079651F0BE06500C0750A /* BookCollector */ = {
			isa = PBXGroup;
			children = (
				419079661F0BE06500C0750A /* AppDelegate.swift */,
				419079681F0BE06500C0750A /* ViewController.swift */,
				4190796A1F0BE06500C0750A /* Main.storyboard */,
				419079701F0BE06500C0750A /* Assets.xcassets */,
				419079721F0BE06500C0750A /* LaunchScreen.storyboard */,
				419079751F0BE06500C0750A /* Info.plist */,
				4190796D1F0BE06500C0750A /* BookCollector.xcdatamodeld */,
			);
			path = BookCollector;
			sourceTree = "<group>";
		};
/* End PBXGroup section */

/* Begin PBXNativeTarget section */
		419079621F0BE06500C0750A /* BookCollector */ = {
			isa = PBXNativeTarget;
			buildConfigurationList = 419079781F0BE06500C0750A /* Build configuration list for PBXNativeTarget "BookCollector" */;
			buildPhases = (
				4190795F1F0BE06500C0750A /* Sources */,
				419079601F0BE06500C0750A /* Frameworks */,
				419079611F0BE06500C0750A /* Resources */,
			);
			buildRules = (
			);
			dependencies = (
			);
			name = BookCollector;
			productName = BookCollector;
			productReference = 419079631F0BE06500C0750A /* BookCollector.app */;
			productType = "com.apple.product-type.application";
		};
/* End PBXNativeTarget section */

/* Begin PBXProject section */
		4190795B1F0BE06500C0750A /* Project object */ = {
			isa = PBXProject;
			attributes = {
				LastSwiftUpdateCheck = 0830;
				LastUpgradeCheck = 0830;
				ORGANIZATIONNAME = "Ravi Kumar Venuturupalli";
				TargetAttributes = {
					419079621F0BE06500C0750A = {
						CreatedOnToolsVersion = 8.3.3;
						DevelopmentTeam = 52SRVZM9XB;
						ProvisioningStyle = Automatic;
					};
				};
			};
			buildConfigurationList = 4190795E1F0BE06500C0750A /* Build configuration list for PBXProject "BookCollector" */;
			compatibilityVersion = "Xcode 3.2";
			developmentRegion = English;
			hasScannedForEncodings = 0;
			knownRegions = (
				en,
				Base,
			);
			mainGroup = 4190795A1F0BE06500C0750A;
			productRefGroup = 419079641F0BE06500C0750A /* Products */;
			projectDirPath = "";
			projectRoot = "";
			targets = (
				419079621F0BE06500C0750A /* BookCollector */,
			);
		};
/* End PBXProject section */

/* Begin PBXResourcesBuildPhase section */
		419079611F0BE06500C0750A /* Resources */ = {
			isa = PBXResourcesBuildPhase;
			buildActionMask = 2147483647;
			files = (
				419079741F0BE06500C0750A /* LaunchScreen.storyboard in Resources */,
				419079711F0BE06500C0750A /* Assets.xcassets in Resources */,
				4190796C1F0BE06500C0750A /* Main.storyboard in Resources */,
			);
			runOnlyForDeploymentPostprocessing = 0;
		};
/* End PBXResourcesBuildPhase section */

/* Begin PBXSourcesBuildPhase section */
		4190795F1F0BE06500C0750A /* Sources */ = {
			isa = PBXSourcesBuildPhase;
			buildActionMask = 2147483647;
			files = (
				419079691F0BE06500C0750A /* ViewController.swift in Sources */,
				419079671F0BE06500C0750A /* AppDelegate.swift in Sources */,
				4190796F1F0BE06500C0750A /* BookCollector.xcdatamodeld in Sources */,
			);
			runOnlyForDeploymentPostprocessing = 0;
		};
/* End PBXSourcesBuildPhase section */

/* Begin PBXVariantGroup section */
		4190796A1F0BE06500C0750A /* Main.storyboard */ = {
			isa = PBXVariantGroup;
			children = (
				4190796B1F0BE06500C0750A /* Base */,
			);
			name = Main.storyboard;
			sourceTree = "<group>";
		};
		419079721F0BE06500C0750A /* LaunchScreen.storyboard */ = {
			isa = PBXVariantGroup;
			children = (
				419079731F0BE06500C0750A /* Base */,
			);
			name = LaunchScreen.storyboard;
			sourceTree = "<group>";
		};
/* End PBXVariantGroup section */

/* Begin XCBuildConfiguration section */
		419079761F0BE06500C0750A /* Debug */ = {
			isa = XCBuildConfiguration;
			buildSettings = {
				ALWAYS_SEARCH_USER_PATHS = NO;
				CLANG_ANALYZER_NONNULL = YES;
				CLANG_ANALYZER_NUMBER_OBJECT_CONVERSION = YES_AGGRESSIVE;
				CLANG_CXX_LANGUAGE_STANDARD = "gnu++0x";
				CLANG_CXX_LIBRARY = "libc++";
				CLANG_ENABLE_MODULES = YES;
				CLANG_ENABLE_OBJC_ARC = YES;
				CLANG_WARN_BOOL_CONVERSION = YES;
				CLANG_WARN_CONSTANT_CONVERSION = YES;
				CLANG_WARN_DIRECT_OBJC_ISA_USAGE = YES_ERROR;
				CLANG_WARN_DOCUMENTATION_COMMENTS = YES;
				CLANG_WARN_EMPTY_BODY = YES;
				CLANG_WARN_ENUM_CONVERSION = YES;
				CLANG_WARN_INFINITE_RECURSION = YES;
				CLANG_WARN_INT_CONVERSION = YES;
				CLANG_WARN_OBJC_ROOT_CLASS = YES_ERROR;
				CLANG_WARN_SUSPICIOUS_MOVE = YES;
				CLANG_WARN_UNREACHABLE_CODE = YES;
				CLANG_WARN__DUPLICATE_METHOD_MATCH = YES;
				"CODE_SIGN_IDENTITY[sdk=iphoneos*]" = "iPhone Developer";
				COPY_PHASE_STRIP = NO;
				DEBUG_INFORMATION_FORMAT = dwarf;
				ENABLE_STRICT_OBJC_MSGSEND = YES;
				ENABLE_TESTABILITY = YES;
				GCC_C_LANGUAGE_STANDARD = gnu99;
				GCC_DYNAMIC_NO_PIC = NO;
				GCC_NO_COMMON_BLOCKS = YES;
				GCC_OPTIMIZATION_LEVEL = 0;
				GCC_PREPROCESSOR_DEFINITIONS = (
					"DEBUG=1",
					"$(inherited)",
				);
				GCC_WARN_64_TO_32_BIT_CONVERSION = YES;
				GCC_WARN_ABOUT_RETURN_TYPE = YES_ERROR;
				GCC_WARN_UNDECLARED_SELECTOR = YES;
				GCC_WARN_UNINITIALIZED_AUTOS = YES_AGGRESSIVE;
				GCC_WARN_UNUSED_FUNCTION = YES;
				GCC_WARN_UNUSED_VARIABLE = YES;
				IPHONEOS_DEPLOYMENT_TARGET = 10.3;
				MTL_ENABLE_DEBUG_INFO = YES;
				ONLY_ACTIVE_ARCH = YES;
				SDKROOT = iphoneos;
				SWIFT_ACTIVE_COMPILATION_CONDITIONS = DEBUG;
				SWIFT_OPTIMIZATION_LEVEL = "-Onone";
				TARGETED_DEVICE_FAMILY = "1,2";
			};
			name = Debug;
		};
		419079771F0BE06500C0750A /* Release */ = {
			isa = XCBuildConfiguration;
			buildSettings = {
				ALWAYS_SEARCH_USER_PATHS = NO;
				CLANG_ANALYZER_NONNULL = YES;
				CLANG_ANALYZER_NUMBER_OBJECT_CONVERSION = YES_AGGRESSIVE;
				CLANG_CXX_LANGUAGE_STANDARD = "gnu++0x";
				CLANG_CXX_LIBRARY = "libc++";
				CLANG_ENABLE_MODULES = YES;
				CLANG_ENABLE_OBJC_ARC = YES;
				CLANG_WARN_BOOL_CONVERSION = YES;
				CLANG_WARN_CONSTANT_CONVERSION = YES;
				CLANG_WARN_DIRECT_OBJC_ISA_USAGE = YES_ERROR;
				CLANG_WARN_DOCUMENTATION_COMMENTS = YES;
				CLANG_WARN_EMPTY_BODY = YES;
				CLANG_WARN_ENUM_CONVERSION = YES;
				CLANG_WARN_INFINITE_RECURSION = YES;
				CLANG_WARN_INT_CONVERSION = YES;
				CLANG_WARN_OBJC_ROOT_CLASS = YES_ERROR;
				CLANG_WARN_SUSPICIOUS_MOVE = YES;
				CLANG_WARN_UNREACHABLE_CODE = YES;
				CLANG_WARN__DUPLICATE_METHOD_MATCH = YES;
				"CODE_SIGN_IDENTITY[sdk=iphoneos*]" = "iPhone Developer";
				COPY_PHASE_STRIP = NO;
				DEBUG_INFORMATION_FORMAT = "dwarf-with-dsym";
				ENABLE_NS_ASSERTIONS = NO;
				ENABLE_STRICT_OBJC_MSGSEND = YES;
				GCC_C_LANGUAGE_STANDARD = gnu99;
				GCC_NO_COMMON_BLOCKS = YES;
				GCC_WARN_64_TO_32_BIT_CONVERSION = YES;
				GCC_WARN_ABOUT_RETURN_TYPE = YES_ERROR;
				GCC_WARN_UNDECLARED_SELECTOR = YES;
				GCC_WARN_UNINITIALIZED_AUTOS = YES_AGGRESSIVE;
				GCC_WARN_UNUSED_FUNCTION = YES;
				GCC_WARN_UNUSED_VARIABLE = YES;
				IPHONEOS_DEPLOYMENT_TARGET = 10.3;
				MTL_ENABLE_DEBUG_INFO = NO;
				SDKROOT = iphoneos;
				SWIFT_OPTIMIZATION_LEVEL = "-Owholemodule";
				TARGETED_DEVICE_FAMILY = "1,2";
				VALIDATE_PRODUCT = YES;
			};
			name = Release;
		};
		419079791F0BE06500C0750A /* Debug */ = {
			isa = XCBuildConfiguration;
			buildSettings = {
				ASSETCATALOG_COMPILER_APPICON_NAME = AppIcon;
				DEVELOPMENT_TEAM = 52SRVZM9XB;
				INFOPLIST_FILE = BookCollector/Info.plist;
				LD_RUNPATH_SEARCH_PATHS = "$(inherited) @executable_path/Frameworks";
				PRODUCT_BUNDLE_IDENTIFIER = com.ravikumar.BookCollector;
				PRODUCT_NAME = "$(TARGET_NAME)";
				SWIFT_VERSION = 3.0;
			};
			name = Debug;
		};
		4190797A1F0BE06500C0750A /* Release */ = {
			isa = XCBuildConfiguration;
			buildSettings = {
				ASSETCATALOG_COMPILER_APPICON_NAME = AppIcon;
				DEVELOPMENT_TEAM = 52SRVZM9XB;
				INFOPLIST_FILE = BookCollector/Info.plist;
				LD_RUNPATH_SEARCH_PATHS = "$(inherited) @executable_path/Frameworks";
				PRODUCT_BUNDLE_IDENTIFIER = com.ravikumar.BookCollector;
				PRODUCT_NAME = "$(TARGET_NAME)";
				SWIFT_VERSION = 3.0;
			};
			name = Release;
		};
/* End XCBuildConfiguration section */

/* Begin XCConfigurationList section */
		4190795E1F0BE06500C0750A /* Build configuration list for PBXProject "BookCollector" */ = {
			isa = XCConfigurationList;
			buildConfigurations = (
				419079761F0BE06500C0750A /* Debug */,
				419079771F0BE06500C0750A /* Release */,
			);
			defaultConfigurationIsVisible = 0;
			defaultConfigurationName = Release;
		};
		419079781F0BE06500C0750A /* Build configuration list for PBXNativeTarget "BookCollector" */ = {
			isa = XCConfigurationList;
			buildConfigurations = (
				419079791F0BE06500C0750A /* Debug */,
				4190797A1F0BE06500C0750A /* Release */,
			);
			defaultConfigurationIsVisible = 0;
		};
/* End XCConfigurationList section */

/* Begin XCVersionGroup section */
		4190796D1F0BE06500C0750A /* BookCollector.xcdatamodeld */ = {
			isa = XCVersionGroup;
			children = (
				4190796E1F0BE06500C0750A /* BookCollector.xcdatamodel */,
			);
			currentVersion = 4190796E1F0BE06500C0750A /* BookCollector.xcdatamodel */;
			path = BookCollector.xcdatamodeld;
			sourceTree = "<group>";
			versionGroupType = wrapper.xcdatamodel;
		};
/* End XCVersionGroup section */
	};
	rootObject = 4190795B1F0BE06500C0750A /* Project object */;
}
